// !$*UTF8*$!
{
	archiveVersion = 1;
	classes = {
	};
	objectVersion = 48;
	objects = {

/* Begin PBXBuildFile section */
		94D2B2782112016700BE9697 /* AppDelegate.m in Sources */ = {isa = PBXBuildFile; fileRef = 94D2B2772112016700BE9697 /* AppDelegate.m */; };
		94D2B27B2112016700BE9697 /* ViewController.m in Sources */ = {isa = PBXBuildFile; fileRef = 94D2B27A2112016700BE9697 /* ViewController.m */; };
		94D2B27E2112016700BE9697 /* Main.storyboard in Resources */ = {isa = PBXBuildFile; fileRef = 94D2B27C2112016700BE9697 /* Main.storyboard */; };
		94D2B2802112016700BE9697 /* Assets.xcassets in Resources */ = {isa = PBXBuildFile; fileRef = 94D2B27F2112016700BE9697 /* Assets.xcassets */; };
		94D2B2832112016700BE9697 /* LaunchScreen.storyboard in Resources */ = {isa = PBXBuildFile; fileRef = 94D2B2812112016700BE9697 /* LaunchScreen.storyboard */; };
		94D2B2862112016700BE9697 /* main.m in Sources */ = {isa = PBXBuildFile; fileRef = 94D2B2852112016700BE9697 /* main.m */; };
		94D2B2902112016700BE9697 /* weiboTests.m in Sources */ = {isa = PBXBuildFile; fileRef = 94D2B28F2112016700BE9697 /* weiboTests.m */; };
		94D2B29B2112016700BE9697 /* weiboUITests.m in Sources */ = {isa = PBXBuildFile; fileRef = 94D2B29A2112016700BE9697 /* weiboUITests.m */; };
/* End PBXBuildFile section */

/* Begin PBXContainerItemProxy section */
		94D2B28C2112016700BE9697 /* PBXContainerItemProxy */ = {
			isa = PBXContainerItemProxy;
			containerPortal = 94D2B26B2112016700BE9697 /* Project object */;
			proxyType = 1;
			remoteGlobalIDString = 94D2B2722112016700BE9697;
			remoteInfo = weibo;
		};
		94D2B2972112016700BE9697 /* PBXContainerItemProxy */ = {
			isa = PBXContainerItemProxy;
			containerPortal = 94D2B26B2112016700BE9697 /* Project object */;
			proxyType = 1;
			remoteGlobalIDString = 94D2B2722112016700BE9697;
			remoteInfo = weibo;
		};
/* End PBXContainerItemProxy section */

/* Begin PBXFileReference section */
		94D2B2732112016700BE9697 /* weibo.app */ = {isa = PBXFileReference; explicitFileType = wrapper.application; includeInIndex = 0; path = weibo.app; sourceTree = BUILT_PRODUCTS_DIR; };
		94D2B2762112016700BE9697 /* AppDelegate.h */ = {isa = PBXFileReference; lastKnownFileType = sourcecode.c.h; path = AppDelegate.h; sourceTree = "<group>"; };
		94D2B2772112016700BE9697 /* AppDelegate.m */ = {isa = PBXFileReference; lastKnownFileType = sourcecode.c.objc; path = AppDelegate.m; sourceTree = "<group>"; };
		94D2B2792112016700BE9697 /* ViewController.h */ = {isa = PBXFileReference; lastKnownFileType = sourcecode.c.h; path = ViewController.h; sourceTree = "<group>"; };
		94D2B27A2112016700BE9697 /* ViewController.m */ = {isa = PBXFileReference; lastKnownFileType = sourcecode.c.objc; path = ViewController.m; sourceTree = "<group>"; };
		94D2B27D2112016700BE9697 /* Base */ = {isa = PBXFileReference; lastKnownFileType = file.storyboard; name = Base; path = Base.lproj/Main.storyboard; sourceTree = "<group>"; };
		94D2B27F2112016700BE9697 /* Assets.xcassets */ = {isa = PBXFileReference; lastKnownFileType = folder.assetcatalog; path = Assets.xcassets; sourceTree = "<group>"; };
		94D2B2822112016700BE9697 /* Base */ = {isa = PBXFileReference; lastKnownFileType = file.storyboard; name = Base; path = Base.lproj/LaunchScreen.storyboard; sourceTree = "<group>"; };
		94D2B2842112016700BE9697 /* Info.plist */ = {isa = PBXFileReference; lastKnownFileType = text.plist.xml; path = Info.plist; sourceTree = "<group>"; };
		94D2B2852112016700BE9697 /* main.m */ = {isa = PBXFileReference; lastKnownFileType = sourcecode.c.objc; path = main.m; sourceTree = "<group>"; };
		94D2B28B2112016700BE9697 /* weiboTests.xctest */ = {isa = PBXFileReference; explicitFileType = wrapper.cfbundle; includeInIndex = 0; path = weiboTests.xctest; sourceTree = BUILT_PRODUCTS_DIR; };
		94D2B28F2112016700BE9697 /* weiboTests.m */ = {isa = PBXFileReference; lastKnownFileType = sourcecode.c.objc; path = weiboTests.m; sourceTree = "<group>"; };
		94D2B2912112016700BE9697 /* Info.plist */ = {isa = PBXFileReference; lastKnownFileType = text.plist.xml; path = Info.plist; sourceTree = "<group>"; };
		94D2B2962112016700BE9697 /* weiboUITests.xctest */ = {isa = PBXFileReference; explicitFileType = wrapper.cfbundle; includeInIndex = 0; path = weiboUITests.xctest; sourceTree = BUILT_PRODUCTS_DIR; };
		94D2B29A2112016700BE9697 /* weiboUITests.m */ = {isa = PBXFileReference; lastKnownFileType = sourcecode.c.objc; path = weiboUITests.m; sourceTree = "<group>"; };
		94D2B29C2112016700BE9697 /* Info.plist */ = {isa = PBXFileReference; lastKnownFileType = text.plist.xml; path = Info.plist; sourceTree = "<group>"; };
/* End PBXFileReference section */

/* Begin PBXFrameworksBuildPhase section */
		94D2B2702112016700BE9697 /* Frameworks */ = {
			isa = PBXFrameworksBuildPhase;
			buildActionMask = 2147483647;
			files = (
			);
			runOnlyForDeploymentPostprocessing = 0;
		};
		94D2B2882112016700BE9697 /* Frameworks */ = {
			isa = PBXFrameworksBuildPhase;
			buildActionMask = 2147483647;
			files = (
			);
			runOnlyForDeploymentPostprocessing = 0;
		};
		94D2B2932112016700BE9697 /* Frameworks */ = {
			isa = PBXFrameworksBuildPhase;
			buildActionMask = 2147483647;
			files = (
			);
			runOnlyForDeploymentPostprocessing = 0;
		};
/* End PBXFrameworksBuildPhase section */

/* Begin PBXGroup section */
		94D2B26A2112016700BE9697 = {
			isa = PBXGroup;
			children = (
				94D2B2752112016700BE9697 /* weibo */,
				94D2B28E2112016700BE9697 /* weiboTests */,
				94D2B2992112016700BE9697 /* weiboUITests */,
				94D2B2742112016700BE9697 /* Products */,
			);
			sourceTree = "<group>";
		};
		94D2B2742112016700BE9697 /* Products */ = {
			isa = PBXGroup;
			children = (
				94D2B2732112016700BE9697 /* weibo.app */,
				94D2B28B2112016700BE9697 /* weiboTests.xctest */,
				94D2B2962112016700BE9697 /* weiboUITests.xctest */,
			);
			name = Products;
			sourceTree = "<group>";
		};
		94D2B2752112016700BE9697 /* weibo */ = {
			isa = PBXGroup;
			children = (
				94D2B2762112016700BE9697 /* AppDelegate.h */,
				94D2B2772112016700BE9697 /* AppDelegate.m */,
				94D2B2792112016700BE9697 /* ViewController.h */,
				94D2B27A2112016700BE9697 /* ViewController.m */,
				94D2B27C2112016700BE9697 /* Main.storyboard */,
				94D2B27F2112016700BE9697 /* Assets.xcassets */,
				94D2B2812112016700BE9697 /* LaunchScreen.storyboard */,
				94D2B2842112016700BE9697 /* Info.plist */,
				94D2B2852112016700BE9697 /* main.m */,
			);
			path = weibo;
			sourceTree = "<group>";
		};
		94D2B28E2112016700BE9697 /* weiboTests */ = {
			isa = PBXGroup;
			children = (
				94D2B28F2112016700BE9697 /* weiboTests.m */,
				94D2B2912112016700BE9697 /* Info.plist */,
			);
			path = weiboTests;
			sourceTree = "<group>";
		};
		94D2B2992112016700BE9697 /* weiboUITests */ = {
			isa = PBXGroup;
			children = (
				94D2B29A2112016700BE9697 /* weiboUITests.m */,
				94D2B29C2112016700BE9697 /* Info.plist */,
			);
			path = weiboUITests;
			sourceTree = "<group>";
		};
/* End PBXGroup section */

/* Begin PBXNativeTarget section */
		94D2B2722112016700BE9697 /* weibo */ = {
			isa = PBXNativeTarget;
			buildConfigurationList = 94D2B29F2112016700BE9697 /* Build configuration list for PBXNativeTarget "weibo" */;
			buildPhases = (
				94D2B26F2112016700BE9697 /* Sources */,
				94D2B2702112016700BE9697 /* Frameworks */,
				94D2B2712112016700BE9697 /* Resources */,
			);
			buildRules = (
			);
			dependencies = (
			);
			name = weibo;
			productName = weibo;
			productReference = 94D2B2732112016700BE9697 /* weibo.app */;
			productType = "com.apple.product-type.application";
		};
		94D2B28A2112016700BE9697 /* weiboTests */ = {
			isa = PBXNativeTarget;
			buildConfigurationList = 94D2B2A22112016700BE9697 /* Build configuration list for PBXNativeTarget "weiboTests" */;
			buildPhases = (
				94D2B2872112016700BE9697 /* Sources */,
				94D2B2882112016700BE9697 /* Frameworks */,
				94D2B2892112016700BE9697 /* Resources */,
			);
			buildRules = (
			);
			dependencies = (
				94D2B28D2112016700BE9697 /* PBXTargetDependency */,
			);
			name = weiboTests;
			productName = weiboTests;
			productReference = 94D2B28B2112016700BE9697 /* weiboTests.xctest */;
			productType = "com.apple.product-type.bundle.unit-test";
		};
		94D2B2952112016700BE9697 /* weiboUITests */ = {
			isa = PBXNativeTarget;
			buildConfigurationList = 94D2B2A52112016700BE9697 /* Build configuration list for PBXNativeTarget "weiboUITests" */;
			buildPhases = (
				94D2B2922112016700BE9697 /* Sources */,
				94D2B2932112016700BE9697 /* Frameworks */,
				94D2B2942112016700BE9697 /* Resources */,
			);
			buildRules = (
			);
			dependencies = (
				94D2B2982112016700BE9697 /* PBXTargetDependency */,
			);
			name = weiboUITests;
			productName = weiboUITests;
			productReference = 94D2B2962112016700BE9697 /* weiboUITests.xctest */;
			productType = "com.apple.product-type.bundle.ui-testing";
		};
/* End PBXNativeTarget section */

/* Begin PBXProject section */
		94D2B26B2112016700BE9697 /* Project object */ = {
			isa = PBXProject;
			attributes = {
				LastUpgradeCheck = 0920;
				ORGANIZATIONNAME = chenguangcan;
				TargetAttributes = {
					94D2B2722112016700BE9697 = {
						CreatedOnToolsVersion = 9.2;
						ProvisioningStyle = Automatic;
					};
					94D2B28A2112016700BE9697 = {
						CreatedOnToolsVersion = 9.2;
						ProvisioningStyle = Automatic;
						TestTargetID = 94D2B2722112016700BE9697;
					};
					94D2B2952112016700BE9697 = {
						CreatedOnToolsVersion = 9.2;
						ProvisioningStyle = Automatic;
						TestTargetID = 94D2B2722112016700BE9697;
					};
				};
			};
			buildConfigurationList = 94D2B26E2112016700BE9697 /* Build configuration list for PBXProject "weibo" */;
			compatibilityVersion = "Xcode 8.0";
			developmentRegion = en;
			hasScannedForEncodings = 0;
			knownRegions = (
				en,
				Base,
			);
			mainGroup = 94D2B26A2112016700BE9697;
			productRefGroup = 94D2B2742112016700BE9697 /* Products */;
			projectDirPath = "";
			projectRoot = "";
			targets = (
				94D2B2722112016700BE9697 /* weibo */,
				94D2B28A2112016700BE9697 /* weiboTests */,
				94D2B2952112016700BE9697 /* weiboUITests */,
			);
		};
/* End PBXProject section */

/* Begin PBXResourcesBuildPhase section */
		94D2B2712112016700BE9697 /* Resources */ = {
			isa = PBXResourcesBuildPhase;
			buildActionMask = 2147483647;
			files = (
				94D2B2832112016700BE9697 /* LaunchScreen.storyboard in Resources */,
				94D2B2802112016700BE9697 /* Assets.xcassets in Resources */,
				94D2B27E2112016700BE9697 /* Main.storyboard in Resources */,
			);
			runOnlyForDeploymentPostprocessing = 0;
		};
		94D2B2892112016700BE9697 /* Resources */ = {
			isa = PBXResourcesBuildPhase;
			buildActionMask = 2147483647;
			files = (
			);
			runOnlyForDeploymentPostprocessing = 0;
		};
		94D2B2942112016700BE9697 /* Resources */ = {
			isa = PBXResourcesBuildPhase;
			buildActionMask = 2147483647;
			files = (
			);
			runOnlyForDeploymentPostprocessing = 0;
		};
/* End PBXResourcesBuildPhase section */

/* Begin PBXSourcesBuildPhase section */
		94D2B26F2112016700BE9697 /* Sources */ = {
			isa = PBXSourcesBuildPhase;
			buildActionMask = 2147483647;
			files = (
				94D2B27B2112016700BE9697 /* ViewController.m in Sources */,
				94D2B2862112016700BE9697 /* main.m in Sources */,
				94D2B2782112016700BE9697 /* AppDelegate.m in Sources */,
			);
			runOnlyForDeploymentPostprocessing = 0;
		};
		94D2B2872112016700BE9697 /* Sources */ = {
			isa = PBXSourcesBuildPhase;
			buildActionMask = 2147483647;
			files = (
				94D2B2902112016700BE9697 /* weiboTests.m in Sources */,
			);
			runOnlyForDeploymentPostprocessing = 0;
		};
		94D2B2922112016700BE9697 /* Sources */ = {
			isa = PBXSourcesBuildPhase;
			buildActionMask = 2147483647;
			files = (
				94D2B29B2112016700BE9697 /* weiboUITests.m in Sources */,
			);
			runOnlyForDeploymentPostprocessing = 0;
		};
/* End PBXSourcesBuildPhase section */

/* Begin PBXTargetDependency section */
		94D2B28D2112016700BE9697 /* PBXTargetDependency */ = {
			isa = PBXTargetDependency;
			target = 94D2B2722112016700BE9697 /* weibo */;
			targetProxy = 94D2B28C2112016700BE9697 /* PBXContainerItemProxy */;
		};
		94D2B2982112016700BE9697 /* PBXTargetDependency */ = {
			isa = PBXTargetDependency;
			target = 94D2B2722112016700BE9697 /* weibo */;
			targetProxy = 94D2B2972112016700BE9697 /* PBXContainerItemProxy */;
		};
/* End PBXTargetDependency section */

/* Begin PBXVariantGroup section */
		94D2B27C2112016700BE9697 /* Main.storyboard */ = {
			isa = PBXVariantGroup;
			children = (
				94D2B27D2112016700BE9697 /* Base */,
			);
			name = Main.storyboard;
			sourceTree = "<group>";
		};
		94D2B2812112016700BE9697 /* LaunchScreen.storyboard */ = {
			isa = PBXVariantGroup;
			children = (
				94D2B2822112016700BE9697 /* Base */,
			);
			name = LaunchScreen.storyboard;
			sourceTree = "<group>";
		};
/* End PBXVariantGroup section */

/* Begin XCBuildConfiguration section */
		94D2B29D2112016700BE9697 /* Debug */ = {
			isa = XCBuildConfiguration;
			buildSettings = {
				ALWAYS_SEARCH_USER_PATHS = NO;
				CLANG_ANALYZER_NONNULL = YES;
				CLANG_ANALYZER_NUMBER_OBJECT_CONVERSION = YES_AGGRESSIVE;
				CLANG_CXX_LANGUAGE_STANDARD = "gnu++14";
				CLANG_CXX_LIBRARY = "libc++";
				CLANG_ENABLE_MODULES = YES;
				CLANG_ENABLE_OBJC_ARC = YES;
				CLANG_WARN_BLOCK_CAPTURE_AUTORELEASING = YES;
				CLANG_WARN_BOOL_CONVERSION = YES;
				CLANG_WARN_COMMA = YES;
				CLANG_WARN_CONSTANT_CONVERSION = YES;
				CLANG_WARN_DIRECT_OBJC_ISA_USAGE = YES_ERROR;
				CLANG_WARN_DOCUMENTATION_COMMENTS = YES;
				CLANG_WARN_EMPTY_BODY = YES;
				CLANG_WARN_ENUM_CONVERSION = YES;
				CLANG_WARN_INFINITE_RECURSION = YES;
				CLANG_WARN_INT_CONVERSION = YES;
				CLANG_WARN_NON_LITERAL_NULL_CONVERSION = YES;
				CLANG_WARN_OBJC_LITERAL_CONVERSION = YES;
				CLANG_WARN_OBJC_ROOT_CLASS = YES_ERROR;
				CLANG_WARN_RANGE_LOOP_ANALYSIS = YES;
				CLANG_WARN_STRICT_PROTOTYPES = YES;
				CLANG_WARN_SUSPICIOUS_MOVE = YES;
				CLANG_WARN_UNGUARDED_AVAILABILITY = YES_AGGRESSIVE;
				CLANG_WARN_UNREACHABLE_CODE = YES;
				CLANG_WARN__DUPLICATE_METHOD_MATCH = YES;
				CODE_SIGN_IDENTITY = "iPhone Developer";
				COPY_PHASE_STRIP = NO;
				DEBUG_INFORMATION_FORMAT = dwarf;
				ENABLE_STRICT_OBJC_MSGSEND = YES;
				ENABLE_TESTABILITY = YES;
				GCC_C_LANGUAGE_STANDARD = gnu11;
				GCC_DYNAMIC_NO_PIC = NO;
				GCC_NO_COMMON_BLOCKS = YES;
				GCC_OPTIMIZATION_LEVEL = 0;
				GCC_PREPROCESSOR_DEFINITIONS = (
					"DEBUG=1",
					"$(inherited)",
				);
				GCC_WARN_64_TO_32_BIT_CONVERSION = YES;
				GCC_WARN_ABOUT_RETURN_TYPE = YES_ERROR;
				GCC_WARN_UNDECLARED_SELECTOR = YES;
				GCC_WARN_UNINITIALIZED_AUTOS = YES_AGGRESSIVE;
				GCC_WARN_UNUSED_FUNCTION = YES;
				GCC_WARN_UNUSED_VARIABLE = YES;
				IPHONEOS_DEPLOYMENT_TARGET = 11.2;
				MTL_ENABLE_DEBUG_INFO = YES;
				ONLY_ACTIVE_ARCH = YES;
				SDKROOT = iphoneos;
			};
			name = Debug;
		};
		94D2B29E2112016700BE9697 /* Release */ = {
			isa = XCBuildConfiguration;
			buildSettings = {
				ALWAYS_SEARCH_USER_PATHS = NO;
				CLANG_ANALYZER_NONNULL = YES;
				CLANG_ANALYZER_NUMBER_OBJECT_CONVERSION = YES_AGGRESSIVE;
				CLANG_CXX_LANGUAGE_STANDARD = "gnu++14";
				CLANG_CXX_LIBRARY = "libc++";
				CLANG_ENABLE_MODULES = YES;
				CLANG_ENABLE_OBJC_ARC = YES;
				CLANG_WARN_BLOCK_CAPTURE_AUTORELEASING = YES;
				CLANG_WARN_BOOL_CONVERSION = YES;
				CLANG_WARN_COMMA = YES;
				CLANG_WARN_CONSTANT_CONVERSION = YES;
				CLANG_WARN_DIRECT_OBJC_ISA_USAGE = YES_ERROR;
				CLANG_WARN_DOCUMENTATION_COMMENTS = YES;
				CLANG_WARN_EMPTY_BODY = YES;
				CLANG_WARN_ENUM_CONVERSION = YES;
				CLANG_WARN_INFINITE_RECURSION = YES;
				CLANG_WARN_INT_CONVERSION = YES;
				CLANG_WARN_NON_LITERAL_NULL_CONVERSION = YES;
				CLANG_WARN_OBJC_LITERAL_CONVERSION = YES;
				CLANG_WARN_OBJC_ROOT_CLASS = YES_ERROR;
				CLANG_WARN_RANGE_LOOP_ANALYSIS = YES;
				CLANG_WARN_STRICT_PROTOTYPES = YES;
				CLANG_WARN_SUSPICIOUS_MOVE = YES;
				CLANG_WARN_UNGUARDED_AVAILABILITY = YES_AGGRESSIVE;
				CLANG_WARN_UNREACHABLE_CODE = YES;
				CLANG_WARN__DUPLICATE_METHOD_MATCH = YES;
				CODE_SIGN_IDENTITY = "iPhone Developer";
				COPY_PHASE_STRIP = NO;
				DEBUG_INFORMATION_FORMAT = "dwarf-with-dsym";
				ENABLE_NS_ASSERTIONS = NO;
				ENABLE_STRICT_OBJC_MSGSEND = YES;
				GCC_C_LANGUAGE_STANDARD = gnu11;
				GCC_NO_COMMON_BLOCKS = YES;
				GCC_WARN_64_TO_32_BIT_CONVERSION = YES;
				GCC_WARN_ABOUT_RETURN_TYPE = YES_ERROR;
				GCC_WARN_UNDECLARED_SELECTOR = YES;
				GCC_WARN_UNINITIALIZED_AUTOS = YES_AGGRESSIVE;
				GCC_WARN_UNUSED_FUNCTION = YES;
				GCC_WARN_UNUSED_VARIABLE = YES;
				IPHONEOS_DEPLOYMENT_TARGET = 11.2;
				MTL_ENABLE_DEBUG_INFO = NO;
				SDKROOT = iphoneos;
				VALIDATE_PRODUCT = YES;
			};
			name = Release;
		};
		94D2B2A02112016700BE9697 /* Debug */ = {
			isa = XCBuildConfiguration;
			buildSettings = {
				ASSETCATALOG_COMPILER_APPICON_NAME = AppIcon;
				CODE_SIGN_STYLE = Automatic;
				INFOPLIST_FILE = weibo/Info.plist;
				LD_RUNPATH_SEARCH_PATHS = "$(inherited) @executable_path/Frameworks";
				PRODUCT_BUNDLE_IDENTIFIER = com.pop136.weibo;
				PRODUCT_NAME = "$(TARGET_NAME)";
				TARGETED_DEVICE_FAMILY = "1,2";
			};
			name = Debug;
		};
		94D2B2A12112016700BE9697 /* Release */ = {
			isa = XCBuildConfiguration;
			buildSettings = {
				ASSETCATALOG_COMPILER_APPICON_NAME = AppIcon;
				CODE_SIGN_STYLE = Automatic;
				INFOPLIST_FILE = weibo/Info.plist;
				LD_RUNPATH_SEARCH_PATHS = "$(inherited) @executable_path/Frameworks";
				PRODUCT_BUNDLE_IDENTIFIER = com.pop136.weibo;
				PRODUCT_NAME = "$(TARGET_NAME)";
				TARGETED_DEVICE_FAMILY = "1,2";
			};
			name = Release;
		};
		94D2B2A32112016700BE9697 /* Debug */ = {
			isa = XCBuildConfiguration;
			buildSettings = {
				BUNDLE_LOADER = "$(TEST_HOST)";
				CODE_SIGN_STYLE = Automatic;
				INFOPLIST_FILE = weiboTests/Info.plist;
				LD_RUNPATH_SEARCH_PATHS = "$(inherited) @executable_path/Frameworks @loader_path/Frameworks";
				PRODUCT_BUNDLE_IDENTIFIER = com.pop136.weiboTests;
				PRODUCT_NAME = "$(TARGET_NAME)";
				TARGETED_DEVICE_FAMILY = "1,2";
				TEST_HOST = "$(BUILT_PRODUCTS_DIR)/weibo.app/weibo";
			};
			name = Debug;
		};
		94D2B2A42112016700BE9697 /* Release */ = {
			isa = XCBuildConfiguration;
			buildSettings = {
				BUNDLE_LOADER = "$(TEST_HOST)";
				CODE_SIGN_STYLE = Automatic;
				INFOPLIST_FILE = weiboTests/Info.plist;
				LD_RUNPATH_SEARCH_PATHS = "$(inherited) @executable_path/Frameworks @loader_path/Frameworks";
				PRODUCT_BUNDLE_IDENTIFIER = com.pop136.weiboTests;
				PRODUCT_NAME = "$(TARGET_NAME)";
				TARGETED_DEVICE_FAMILY = "1,2";
				TEST_HOST = "$(BUILT_PRODUCTS_DIR)/weibo.app/weibo";
			};
			name = Release;
		};
		94D2B2A62112016700BE9697 /* Debug */ = {
			isa = XCBuildConfiguration;
			buildSettings = {
				CODE_SIGN_STYLE = Automatic;
				INFOPLIST_FILE = weiboUITests/Info.plist;
				LD_RUNPATH_SEARCH_PATHS = "$(inherited) @executable_path/Frameworks @loader_path/Frameworks";
				PRODUCT_BUNDLE_IDENTIFIER = com.pop136.weiboUITests;
				PRODUCT_NAME = "$(TARGET_NAME)";
				TARGETED_DEVICE_FAMILY = "1,2";
				TEST_TARGET_NAME = weibo;
			};
			name = Debug;
		};
		94D2B2A72112016700BE9697 /* Release */ = {
			isa = XCBuildConfiguration;
			buildSettings = {
				CODE_SIGN_STYLE = Automatic;
				INFOPLIST_FILE = weiboUITests/Info.plist;
				LD_RUNPATH_SEARCH_PATHS = "$(inherited) @executable_path/Frameworks @loader_path/Frameworks";
				PRODUCT_BUNDLE_IDENTIFIER = com.pop136.weiboUITests;
				PRODUCT_NAME = "$(TARGET_NAME)";
				TARGETED_DEVICE_FAMILY = "1,2";
				TEST_TARGET_NAME = weibo;
			};
			name = Release;
		};
/* End XCBuildConfiguration section */

/* Begin XCConfigurationList section */
		94D2B26E2112016700BE9697 /* Build configuration list for PBXProject "weibo" */ = {
			isa = XCConfigurationList;
			buildConfigurations = (
				94D2B29D2112016700BE9697 /* Debug */,
				94D2B29E2112016700BE9697 /* Release */,
			);
			defaultConfigurationIsVisible = 0;
			defaultConfigurationName = Release;
		};
		94D2B29F2112016700BE9697 /* Build configuration list for PBXNativeTarget "weibo" */ = {
			isa = XCConfigurationList;
			buildConfigurations = (
				94D2B2A02112016700BE9697 /* Debug */,
				94D2B2A12112016700BE9697 /* Release */,
			);
			defaultConfigurationIsVisible = 0;
			defaultConfigurationName = Release;
		};
		94D2B2A22112016700BE9697 /* Build configuration list for PBXNativeTarget "weiboTests" */ = {
			isa = XCConfigurationList;
			buildConfigurations = (
				94D2B2A32112016700BE9697 /* Debug */,
				94D2B2A42112016700BE9697 /* Release */,
			);
			defaultConfigurationIsVisible = 0;
			defaultConfigurationName = Release;
		};
		94D2B2A52112016700BE9697 /* Build configuration list for PBXNativeTarget "weiboUITests" */ = {
			isa = XCConfigurationList;
			buildConfigurations = (
				94D2B2A62112016700BE9697 /* Debug */,
				94D2B2A72112016700BE9697 /* Release */,
			);
			defaultConfigurationIsVisible = 0;
			defaultConfigurationName = Release;
		};
/* End XCConfigurationList section */
	};
	rootObject = 94D2B26B2112016700BE9697 /* Project object */;
}
